
Microsoft Visual Studio Solution File, Format Version 12.00
# Visual Studio 14
VisualStudioVersion = 14.0.24720.0
MinimumVisualStudioVersion = 10.0.40219.1
Project("{E24C65DC-7377-472B-9ABA-BC803B73C61A}") = "ToyotaTundra", "ToyotaTundra\", "{FE2D0841-4FFB-4A1C-94EC-01CA190F32D1}"
	ProjectSection(WebsiteProperties) = preProject
		TargetFrameworkMoniker = ".NETFramework,Version%3Dv4.5"
		ProjectReferences = "{c06c422d-b505-43d8-9813-27a918c0d673}|SystemManager.dll;"
		Debug.AspNetCompiler.VirtualPath = "/localhost_14710"
		Debug.AspNetCompiler.PhysicalPath = "ToyotaTundra\"
		Debug.AspNetCompiler.TargetPath = "PrecompiledWeb\localhost_14710\"
		Debug.AspNetCompiler.Updateable = "true"
		Debug.AspNetCompiler.ForceOverwrite = "true"
		Debug.AspNetCompiler.FixedNames = "false"
		Debug.AspNetCompiler.Debug = "True"
		Release.AspNetCompiler.VirtualPath = "/localhost_14710"
		Release.AspNetCompiler.PhysicalPath = "ToyotaTundra\"
		Release.AspNetCompiler.TargetPath = "PrecompiledWeb\localhost_14710\"
		Release.AspNetCompiler.Updateable = "true"
		Release.AspNetCompiler.ForceOverwrite = "true"
		Release.AspNetCompiler.FixedNames = "false"
		Release.AspNetCompiler.Debug = "False"
		VWDPort = "14710"
		SlnRelativePath = "ToyotaTundra\"
	EndProjectSection
EndProject
Project("{FAE04EC0-301F-11D3-BF4B-00C04F79EFBC}") = "SystemManager", "SystemManager\SystemManager.csproj", "{C06C422D-B505-43D8-9813-27A918C0D673}"
EndProject
Global
	GlobalSection(SolutionConfigurationPlatforms) = preSolution
		Debug|Any CPU = Debug|Any CPU
		Release|Any CPU = Release|Any CPU
	EndGlobalSection
	GlobalSection(ProjectConfigurationPlatforms) = postSolution
		{FE2D0841-4FFB-4A1C-94EC-01CA190F32D1}.Debug|Any CPU.ActiveCfg = Debug|Any CPU
		{FE2D0841-4FFB-4A1C-94EC-01CA190F32D1}.Debug|Any CPU.Build.0 = Debug|Any CPU
		{FE2D0841-4FFB-4A1C-94EC-01CA190F32D1}.Release|Any CPU.ActiveCfg = Debug|Any CPU
		{FE2D0841-4FFB-4A1C-94EC-01CA190F32D1}.Release|Any CPU.Build.0 = Debug|Any CPU
		{C06C422D-B505-43D8-9813-27A918C0D673}.Debug|Any CPU.ActiveCfg = Debug|Any CPU
		{C06C422D-B505-43D8-9813-27A918C0D673}.Debug|Any CPU.Build.0 = Debug|Any CPU
		{C06C422D-B505-43D8-9813-27A918C0D673}.Release|Any CPU.ActiveCfg = Release|Any CPU
		{C06C422D-B505-43D8-9813-27A918C0D673}.Release|Any CPU.Build.0 = Release|Any CPU
	EndGlobalSection
	GlobalSection(SolutionProperties) = preSolution
		HideSolutionNode = FALSE
	EndGlobalSection
	GlobalSection(ExtensibilityGlobals) = postSolution
		SolutionGuid = {DB7B2923-3961-41CB-9DF4-FC1B4EA157E5}
	EndGlobalSection
EndGlobal
